
Microsoft Visual Studio Solution File, Format Version 12.00
# Visual Studio Version 17
VisualStudioVersion = 17.6.33829.357
MinimumVisualStudioVersion = 10.0.40219.1
Project("{FAE04EC0-301F-11D3-BF4B-00C04F79EFBC}") = "WebApplication2", "WebApplication2\WebApplication2.csproj", "{32156E61-BA84-44B4-9618-211A376E15A6}"
EndProject
Global
	GlobalSection(SolutionConfigurationPlatforms) = preSolution
		Debug|Any CPU = Debug|Any CPU
		Release|Any CPU = Release|Any CPU
	EndGlobalSection
	GlobalSection(ProjectConfigurationPlatforms) = postSolution
		{32156E61-BA84-44B4-9618-211A376E15A6}.Debug|Any CPU.ActiveCfg = Debug|Any CPU
		{32156E61-BA84-44B4-9618-211A376E15A6}.Debug|Any CPU.Build.0 = Debug|Any CPU
		{32156E61-BA84-44B4-9618-211A376E15A6}.Release|Any CPU.ActiveCfg = Release|Any CPU
		{32156E61-BA84-44B4-9618-211A376E15A6}.Release|Any CPU.Build.0 = Release|Any CPU
	EndGlobalSection
	GlobalSection(SolutionProperties) = preSolution
		HideSolutionNode = FALSE
	EndGlobalSection
	GlobalSection(ExtensibilityGlobals) = postSolution
		SolutionGuid = {FA2D93C3-9F47-4596-8919-4EA99F0A65E1}
	EndGlobalSection
EndGlobal
